
Microsoft Visual Studio Solution File, Format Version 12.00
# Visual Studio 15
VisualStudioVersion = 15.0.27703.2035
MinimumVisualStudioVersion = 10.0.40219.1
Project("{FAE04EC0-301F-11D3-BF4B-00C04F79EFBC}") = "TestBingo", "TestBingo\TestBingo.csproj", "{1074D4FD-CF75-4CAF-A324-10768FF20070}"
EndProject
Global
	GlobalSection(SolutionConfigurationPlatforms) = preSolution
		Debug|Any CPU = Debug|Any CPU
		Release|Any CPU = Release|Any CPU
	EndGlobalSection
	GlobalSection(ProjectConfigurationPlatforms) = postSolution
		{1074D4FD-CF75-4CAF-A324-10768FF20070}.Debug|Any CPU.ActiveCfg = Debug|Any CPU
		{1074D4FD-CF75-4CAF-A324-10768FF20070}.Debug|Any CPU.Build.0 = Debug|Any CPU
		{1074D4FD-CF75-4CAF-A324-10768FF20070}.Release|Any CPU.ActiveCfg = Release|Any CPU
		{1074D4FD-CF75-4CAF-A324-10768FF20070}.Release|Any CPU.Build.0 = Release|Any CPU
	EndGlobalSection
	GlobalSection(SolutionProperties) = preSolution
		HideSolutionNode = FALSE
	EndGlobalSection
	GlobalSection(ExtensibilityGlobals) = postSolution
		SolutionGuid = {151EAF90-3FD4-47EF-A67B-37F9C7046781}
	EndGlobalSection
EndGlobal
